
Microsoft Visual Studio Solution File, Format Version 12.00
# Visual Studio 2013
VisualStudioVersion = 12.0.21005.1
MinimumVisualStudioVersion = 10.0.40219.1
Project("{FAE04EC0-301F-11D3-BF4B-00C04F79EFBC}") = "Starbuzz-DecoratorPattern", "Starbuzz-DecoratorPattern\Starbuzz-DecoratorPattern.csproj", "{F5C6455C-5D92-4E43-87B4-B107773EEFF4}"
EndProject
Project("{FAE04EC0-301F-11D3-BF4B-00C04F79EFBC}") = "StarbuzzCoffee-Size", "StarbuzzCoffee-Size\StarbuzzCoffee-Size.csproj", "{4FE3F1F8-3B54-454E-ADDC-0524D2799A76}"
EndProject
Global
	GlobalSection(SolutionConfigurationPlatforms) = preSolution
		Debug|Any CPU = Debug|Any CPU
		Release|Any CPU = Release|Any CPU
	EndGlobalSection
	GlobalSection(ProjectConfigurationPlatforms) = postSolution
		{F5C6455C-5D92-4E43-87B4-B107773EEFF4}.Debug|Any CPU.ActiveCfg = Debug|Any CPU
		{F5C6455C-5D92-4E43-87B4-B107773EEFF4}.Debug|Any CPU.Build.0 = Debug|Any CPU
		{F5C6455C-5D92-4E43-87B4-B107773EEFF4}.Release|Any CPU.ActiveCfg = Release|Any CPU
		{F5C6455C-5D92-4E43-87B4-B107773EEFF4}.Release|Any CPU.Build.0 = Release|Any CPU
		{4FE3F1F8-3B54-454E-ADDC-0524D2799A76}.Debug|Any CPU.ActiveCfg = Debug|Any CPU
		{4FE3F1F8-3B54-454E-ADDC-0524D2799A76}.Debug|Any CPU.Build.0 = Debug|Any CPU
		{4FE3F1F8-3B54-454E-ADDC-0524D2799A76}.Release|Any CPU.ActiveCfg = Release|Any CPU
		{4FE3F1F8-3B54-454E-ADDC-0524D2799A76}.Release|Any CPU.Build.0 = Release|Any CPU
	EndGlobalSection
	GlobalSection(SolutionProperties) = preSolution
		HideSolutionNode = FALSE
	EndGlobalSection
EndGlobal
